{
  "pins" : [
    {
      "identity" : "alamofire",
      "kind" : "remoteSourceControl",
      "location" : "https://github.com/Alamofire/Alamofire.git",
      "state" : {
        "branch" : "5.9.1",
        "revision" : "f455c2975872ccd2d9c81594c658af65716e9b9a"
      }
    },
    {
      "identity" : "bettersafariview",
      "kind" : "remoteSourceControl",
      "location" : "https://github.com/stleamist/BetterSafariView.git",
      "state" : {
        "revision" : "884533749e55949b2566030948c6fdbe2873ed0c",
        "version" : "2.4.2"
      }
    },
    {
      "identity" : "bitbytedata",
      "kind" : "remoteSourceControl",
      "location" : "https://github.com/tsolomko/BitByteData.git",
      "state" : {
        "revision" : "36df26fe4586b4f23d76cfd8b47076998343a2b2",
        "version" : "2.0.3"
      }
    },
    {
      "identity" : "combineext",
      "kind" : "remoteSourceControl",
      "location" : "https://github.com/CombineCommunity/CombineExt.git",
      "state" : {
        "branch" : "1.8.1",
        "revision" : "d7b896fa9ca8b47fa7bcde6b43ef9b70bf8c1f56"
      }
    },
    {
      "identity" : "factory",
      "kind" : "remoteSourceControl",
      "location" : "https://github.com/hmlongco/Factory.git",
      "state" : {
        "branch" : "2.3.2",
        "revision" : "587995f7d5cc667951d635fbf6b4252324ba0439"
      }
    },
    {
      "identity" : "grdb.swift",
      "kind" : "remoteSourceControl",
      "location" : "https://github.com/groue/GRDB.swift.git",
      "state" : {
        "branch" : "v6.29.2",
        "revision" : "57a4587b5b09ac706bc985288a62432ddbf20b09"
      }
    },
    {
      "identity" : "gsmessages",
      "kind" : "remoteSourceControl",
      "location" : "https://github.com/wxxsw/GSMessages.git",
      "state" : {
        "branch" : "88d895a",
        "revision" : "88d895a9c889b310dd498ccb897a5aac4f3f2b1e"
      }
    },
    {
      "identity" : "gzipswift",
      "kind" : "remoteSourceControl",
      "location" : "https://github.com/BoltDocs/GzipSwift.git",
      "state" : {
        "branch" : "6.1.0",
        "revision" : "38e50cc8c18dd189d5e5e6505450c4fdcdd950ed"
      }
    },
    {
      "identity" : "licenseplistviewcontroller",
      "kind" : "remoteSourceControl",
      "location" : "https://github.com/yhirano/LicensePlistViewController.git",
      "state" : {
        "revision" : "1230d57b6a2272d9de51464834d546f72dc09ab3",
        "version" : "2.3.0"
      }
    },
    {
      "identity" : "objectassociationhelper",
      "kind" : "remoteSourceControl",
      "location" : "https://github.com/BoltDocs/ObjectAssociationHelper.git",
      "state" : {
        "branch" : "1.0.0",
        "revision" : "b3e1960c4fb36bad80841f76c32e1d2b67f42349"
      }
    },
    {
      "identity" : "routablenavigation",
      "kind" : "remoteSourceControl",
      "location" : "https://github.com/BoltDocs/RoutableNavigation.git",
      "state" : {
        "branch" : "5fa1eb3",
        "revision" : "5fa1eb3374ac2625c131242ea75871ac980abb40"
      }
    },
    {
      "identity" : "rxcombine",
      "kind" : "remoteSourceControl",
      "location" : "https://github.com/CombineCommunity/RxCombine.git",
      "state" : {
        "branch" : "2.0.1",
        "revision" : "19474c2ac9fde613bba8513bf98990e1aa9831cd"
      }
    },
    {
      "identity" : "rxswift",
      "kind" : "remoteSourceControl",
      "location" : "https://github.com/ReactiveX/RxSwift.git",
      "state" : {
        "branch" : "6.8.0",
        "revision" : "c7c7d2cf50a3211fe2843f76869c698e4e417930"
      }
    },
    {
      "identity" : "snapkit",
      "kind" : "remoteSourceControl",
      "location" : "https://github.com/SnapKit/SnapKit.git",
      "state" : {
        "revision" : "2842e6e84e82eb9a8dac0100ca90d9444b0307f4",
        "version" : "5.7.1"
      }
    },
    {
      "identity" : "swcompressiontar",
      "kind" : "remoteSourceControl",
      "location" : "https://github.com/BoltDocs/SWCompressionTAR.git",
      "state" : {
        "branch" : "4.8.5",
        "revision" : "756d5fcc4d81d4fffb7a503f37b4e481f3ee104e"
      }
    },
    {
      "identity" : "swift-issue-reporting",
      "kind" : "remoteSourceControl",
      "location" : "https://github.com/pointfreeco/swift-issue-reporting.git",
      "state" : {
        "branch" : "1.4.2",
        "revision" : "770f990d3e4eececb57ac04a6076e22f8c97daeb"
      }
    },
    {
      "identity" : "swift-overture",
      "kind" : "remoteSourceControl",
      "location" : "https://github.com/pointfreeco/swift-overture.git",
      "state" : {
        "branch" : "0.5.0",
        "revision" : "7977acd7597f413717058acc1e080731249a1d7e"
      }
    },
    {
      "identity" : "swiftyjson",
      "kind" : "remoteSourceControl",
      "location" : "https://github.com/SwiftyJSON/SwiftyJSON.git",
      "state" : {
        "branch" : "5.0.2",
        "revision" : "af76cf3ef710b6ca5f8c05f3a31307d44a3c5828"
      }
    },
    {
      "identity" : "swiftyxmlparser",
      "kind" : "remoteSourceControl",
      "location" : "https://github.com/yahoojapan/SwiftyXMLParser.git",
      "state" : {
        "branch" : "5.6.0",
        "revision" : "d7a1d23f04c86c1cd2e8f19247dd15d74e0ea8be"
      }
    },
    {
      "identity" : "uuid-shortener",
      "kind" : "remoteSourceControl",
      "location" : "https://github.com/Dean151/uuid-shortener",
      "state" : {
        "branch" : "v1.0.0",
        "revision" : "ef43dc9e72b6b1f39166175b7bd6a86c34e4bd14"
      }
    }
  ],
  "version" : 2
}
