{
  "pins" : [
    {
      "identity" : "alamofire",
      "kind" : "remoteSourceControl",
      "location" : "https://github.com/Alamofire/Alamofire.git",
      "state" : {
        "branch" : "5.8.1",
        "revision" : "3dc6a42c7727c49bf26508e29b0a0b35f9c7e1ad"
      }
    },
    {
      "identity" : "bettersafariview",
      "kind" : "remoteSourceControl",
      "location" : "https://github.com/stleamist/BetterSafariView.git",
      "state" : {
        "revision" : "884533749e55949b2566030948c6fdbe2873ed0c",
        "version" : "2.4.2"
      }
    },
    {
      "identity" : "bitbytedata",
      "kind" : "remoteSourceControl",
      "location" : "https://github.com/tsolomko/BitByteData.git",
      "state" : {
        "revision" : "36df26fe4586b4f23d76cfd8b47076998343a2b2",
        "version" : "2.0.3"
      }
    },
    {
      "identity" : "combineext",
      "kind" : "remoteSourceControl",
      "location" : "https://github.com/CombineCommunity/CombineExt.git",
      "state" : {
        "branch" : "1.8.1",
        "revision" : "d7b896fa9ca8b47fa7bcde6b43ef9b70bf8c1f56"
      }
    },
    {
      "identity" : "factory",
      "kind" : "remoteSourceControl",
      "location" : "https://github.com/hmlongco/Factory.git",
      "state" : {
        "branch" : "2.3.1",
        "revision" : "8ca11a7bd1ede031e8e6d7a912bb116e2e43961b"
      }
    },
    {
      "identity" : "grdb.swift",
      "kind" : "remoteSourceControl",
      "location" : "https://github.com/groue/GRDB.swift.git",
      "state" : {
        "branch" : "v6.24.2",
        "revision" : "e069e2732e3ee2b67bf89c1bda1937da0eaee7ef"
      }
    },
    {
      "identity" : "gsmessages",
      "kind" : "remoteSourceControl",
      "location" : "https://github.com/wxxsw/GSMessages.git",
      "state" : {
        "branch" : "88d895a",
        "revision" : "88d895a9c889b310dd498ccb897a5aac4f3f2b1e"
      }
    },
    {
      "identity" : "gzipswift",
      "kind" : "remoteSourceControl",
      "location" : "https://github.com/BoltDocs/GzipSwift.git",
      "state" : {
        "branch" : "6.0.1",
        "revision" : "1e880448010e6aef68ca6a23e7c61a984c9f00cf"
      }
    },
    {
      "identity" : "licenseplistviewcontroller",
      "kind" : "remoteSourceControl",
      "location" : "https://github.com/yhirano/LicensePlistViewController.git",
      "state" : {
        "revision" : "1230d57b6a2272d9de51464834d546f72dc09ab3",
        "version" : "2.3.0"
      }
    },
    {
      "identity" : "objectassociationhelper",
      "kind" : "remoteSourceControl",
      "location" : "https://github.com/BoltDocs/ObjectAssociationHelper.git",
      "state" : {
        "branch" : "1.0.0",
        "revision" : "b3e1960c4fb36bad80841f76c32e1d2b67f42349"
      }
    },
    {
      "identity" : "routablenavigation",
      "kind" : "remoteSourceControl",
      "location" : "https://github.com/BoltDocs/RoutableNavigation.git",
      "state" : {
        "branch" : "5fa1eb3",
        "revision" : "5fa1eb3374ac2625c131242ea75871ac980abb40"
      }
    },
    {
      "identity" : "rxcombine",
      "kind" : "remoteSourceControl",
      "location" : "https://github.com/CombineCommunity/RxCombine.git",
      "state" : {
        "branch" : "2.0.1",
        "revision" : "19474c2ac9fde613bba8513bf98990e1aa9831cd"
      }
    },
    {
      "identity" : "rxswift",
      "kind" : "remoteSourceControl",
      "location" : "https://github.com/ReactiveX/RxSwift.git",
      "state" : {
        "branch" : "6.6.0",
        "revision" : "9dcaa4b333db437b0fbfaf453fad29069044a8b4"
      }
    },
    {
      "identity" : "snapkit",
      "kind" : "remoteSourceControl",
      "location" : "https://github.com/SnapKit/SnapKit.git",
      "state" : {
        "revision" : "e74fe2a978d1216c3602b129447c7301573cc2d8",
        "version" : "5.7.0"
      }
    },
    {
      "identity" : "swcompressiontar",
      "kind" : "remoteSourceControl",
      "location" : "https://github.com/BoltDocs/SWCompressionTAR.git",
      "state" : {
        "branch" : "4.8.5",
        "revision" : "756d5fcc4d81d4fffb7a503f37b4e481f3ee104e"
      }
    },
    {
      "identity" : "swift-overture",
      "kind" : "remoteSourceControl",
      "location" : "https://github.com/pointfreeco/swift-overture.git",
      "state" : {
        "branch" : "0.5.0",
        "revision" : "7977acd7597f413717058acc1e080731249a1d7e"
      }
    },
    {
      "identity" : "swiftyjson",
      "kind" : "remoteSourceControl",
      "location" : "https://github.com/SwiftyJSON/SwiftyJSON.git",
      "state" : {
        "branch" : "5.0.1",
        "revision" : "b3dcd7dbd0d488e1a7077cb33b00f2083e382f07"
      }
    },
    {
      "identity" : "swiftyxmlparser",
      "kind" : "remoteSourceControl",
      "location" : "https://github.com/yahoojapan/SwiftyXMLParser.git",
      "state" : {
        "branch" : "5.6.0",
        "revision" : "d7a1d23f04c86c1cd2e8f19247dd15d74e0ea8be"
      }
    }
  ],
  "version" : 2
}
